
Microsoft Visual Studio Solution File, Format Version 12.00
# Visual Studio Version 17
VisualStudioVersion = 17.1.32228.430
MinimumVisualStudioVersion = 10.0.40219.1
Project("{888888A0-9F3D-457C-B088-3A5042F75D52}") = "GutRich", "GutRich.pyproj", "{66C5F280-11E1-45C5-BFD0-A4DBB3918DC2}"
EndProject
Global
	GlobalSection(SolutionConfigurationPlatforms) = preSolution
		Debug|Any CPU = Debug|Any CPU
		Release|Any CPU = Release|Any CPU
	EndGlobalSection
	GlobalSection(ProjectConfigurationPlatforms) = postSolution
		{66C5F280-11E1-45C5-BFD0-A4DBB3918DC2}.Debug|Any CPU.ActiveCfg = Debug|Any CPU
		{66C5F280-11E1-45C5-BFD0-A4DBB3918DC2}.Release|Any CPU.ActiveCfg = Release|Any CPU
	EndGlobalSection
	GlobalSection(SolutionProperties) = preSolution
		HideSolutionNode = FALSE
	EndGlobalSection
	GlobalSection(ExtensibilityGlobals) = postSolution
		SolutionGuid = {D62ED18C-059A-4EFB-A93E-20DB9E37E9A6}
	EndGlobalSection
EndGlobal
